// !$*UTF8*$!
{
	archiveVersion = 1;
	classes = {
	};
	objectVersion = 46;
	objects = {

/* Begin PBXBuildFile section */
		509BEC071C97C0A500CF30CD /* main.m in Sources */ = {isa = PBXBuildFile; fileRef = 509BEC061C97C0A500CF30CD /* main.m */; };
		509BEC0A1C97C0A500CF30CD /* AppDelegate.m in Sources */ = {isa = PBXBuildFile; fileRef = 509BEC091C97C0A500CF30CD /* AppDelegate.m */; };
		509BEC0D1C97C0A500CF30CD /* TERT.xcdatamodeld in Sources */ = {isa = PBXBuildFile; fileRef = 509BEC0B1C97C0A500CF30CD /* TERT.xcdatamodeld */; };
		509BEC101C97C0A500CF30CD /* MasterViewController.m in Sources */ = {isa = PBXBuildFile; fileRef = 509BEC0F1C97C0A500CF30CD /* MasterViewController.m */; };
		509BEC131C97C0A500CF30CD /* DetailViewController.m in Sources */ = {isa = PBXBuildFile; fileRef = 509BEC121C97C0A500CF30CD /* DetailViewController.m */; };
		509BEC161C97C0A500CF30CD /* Main.storyboard in Resources */ = {isa = PBXBuildFile; fileRef = 509BEC141C97C0A500CF30CD /* Main.storyboard */; };
		509BEC181C97C0A500CF30CD /* Images.xcassets in Resources */ = {isa = PBXBuildFile; fileRef = 509BEC171C97C0A500CF30CD /* Images.xcassets */; };
		509BEC1B1C97C0A500CF30CD /* LaunchScreen.xib in Resources */ = {isa = PBXBuildFile; fileRef = 509BEC191C97C0A500CF30CD /* LaunchScreen.xib */; };
		509BEC271C97C0A500CF30CD /* TERTTests.m in Sources */ = {isa = PBXBuildFile; fileRef = 509BEC261C97C0A500CF30CD /* TERTTests.m */; };
/* End PBXBuildFile section */

/* Begin PBXContainerItemProxy section */
		509BEC211C97C0A500CF30CD /* PBXContainerItemProxy */ = {
			isa = PBXContainerItemProxy;
			containerPortal = 509BEBF91C97C0A500CF30CD /* Project object */;
			proxyType = 1;
			remoteGlobalIDString = 509BEC001C97C0A500CF30CD;
			remoteInfo = TERT;
		};
/* End PBXContainerItemProxy section */

/* Begin PBXFileReference section */
		509BEC011C97C0A500CF30CD /* TERT.app */ = {isa = PBXFileReference; explicitFileType = wrapper.application; includeInIndex = 0; path = TERT.app; sourceTree = BUILT_PRODUCTS_DIR; };
		509BEC051C97C0A500CF30CD /* Info.plist */ = {isa = PBXFileReference; lastKnownFileType = text.plist.xml; path = Info.plist; sourceTree = "<group>"; };
		509BEC061C97C0A500CF30CD /* main.m */ = {isa = PBXFileReference; lastKnownFileType = sourcecode.c.objc; path = main.m; sourceTree = "<group>"; };
		509BEC081C97C0A500CF30CD /* AppDelegate.h */ = {isa = PBXFileReference; lastKnownFileType = sourcecode.c.h; path = AppDelegate.h; sourceTree = "<group>"; };
		509BEC091C97C0A500CF30CD /* AppDelegate.m */ = {isa = PBXFileReference; lastKnownFileType = sourcecode.c.objc; path = AppDelegate.m; sourceTree = "<group>"; };
		509BEC0C1C97C0A500CF30CD /* TERT.xcdatamodel */ = {isa = PBXFileReference; lastKnownFileType = wrapper.xcdatamodel; path = TERT.xcdatamodel; sourceTree = "<group>"; };
		509BEC0E1C97C0A500CF30CD /* MasterViewController.h */ = {isa = PBXFileReference; lastKnownFileType = sourcecode.c.h; path = MasterViewController.h; sourceTree = "<group>"; };
		509BEC0F1C97C0A500CF30CD /* MasterViewController.m */ = {isa = PBXFileReference; lastKnownFileType = sourcecode.c.objc; path = MasterViewController.m; sourceTree = "<group>"; };
		509BEC111C97C0A500CF30CD /* DetailViewController.h */ = {isa = PBXFileReference; lastKnownFileType = sourcecode.c.h; path = DetailViewController.h; sourceTree = "<group>"; };
		509BEC121C97C0A500CF30CD /* DetailViewController.m */ = {isa = PBXFileReference; lastKnownFileType = sourcecode.c.objc; path = DetailViewController.m; sourceTree = "<group>"; };
		509BEC151C97C0A500CF30CD /* Base */ = {isa = PBXFileReference; lastKnownFileType = file.storyboard; name = Base; path = Base.lproj/Main.storyboard; sourceTree = "<group>"; };
		509BEC171C97C0A500CF30CD /* Images.xcassets */ = {isa = PBXFileReference; lastKnownFileType = folder.assetcatalog; path = Images.xcassets; sourceTree = "<group>"; };
		509BEC1A1C97C0A500CF30CD /* Base */ = {isa = PBXFileReference; lastKnownFileType = file.xib; name = Base; path = Base.lproj/LaunchScreen.xib; sourceTree = "<group>"; };
		509BEC201C97C0A500CF30CD /* TERTTests.xctest */ = {isa = PBXFileReference; explicitFileType = wrapper.cfbundle; includeInIndex = 0; path = TERTTests.xctest; sourceTree = BUILT_PRODUCTS_DIR; };
		509BEC251C97C0A500CF30CD /* Info.plist */ = {isa = PBXFileReference; lastKnownFileType = text.plist.xml; path = Info.plist; sourceTree = "<group>"; };
		509BEC261C97C0A500CF30CD /* TERTTests.m */ = {isa = PBXFileReference; lastKnownFileType = sourcecode.c.objc; path = TERTTests.m; sourceTree = "<group>"; };
/* End PBXFileReference section */

/* Begin PBXFrameworksBuildPhase section */
		509BEBFE1C97C0A500CF30CD /* Frameworks */ = {
			isa = PBXFrameworksBuildPhase;
			buildActionMask = 2147483647;
			files = (
			);
			runOnlyForDeploymentPostprocessing = 0;
		};
		509BEC1D1C97C0A500CF30CD /* Frameworks */ = {
			isa = PBXFrameworksBuildPhase;
			buildActionMask = 2147483647;
			files = (
			);
			runOnlyForDeploymentPostprocessing = 0;
		};
/* End PBXFrameworksBuildPhase section */

/* Begin PBXGroup section */
		509BEBF81C97C0A500CF30CD = {
			isa = PBXGroup;
			children = (
				509BEC031C97C0A500CF30CD /* TERT */,
				509BEC231C97C0A500CF30CD /* TERTTests */,
				509BEC021C97C0A500CF30CD /* Products */,
			);
			sourceTree = "<group>";
		};
		509BEC021C97C0A500CF30CD /* Products */ = {
			isa = PBXGroup;
			children = (
				509BEC011C97C0A500CF30CD /* TERT.app */,
				509BEC201C97C0A500CF30CD /* TERTTests.xctest */,
			);
			name = Products;
			sourceTree = "<group>";
		};
		509BEC031C97C0A500CF30CD /* TERT */ = {
			isa = PBXGroup;
			children = (
				509BEC081C97C0A500CF30CD /* AppDelegate.h */,
				509BEC091C97C0A500CF30CD /* AppDelegate.m */,
				509BEC0E1C97C0A500CF30CD /* MasterViewController.h */,
				509BEC0F1C97C0A500CF30CD /* MasterViewController.m */,
				509BEC111C97C0A500CF30CD /* DetailViewController.h */,
				509BEC121C97C0A500CF30CD /* DetailViewController.m */,
				509BEC141C97C0A500CF30CD /* Main.storyboard */,
				509BEC171C97C0A500CF30CD /* Images.xcassets */,
				509BEC191C97C0A500CF30CD /* LaunchScreen.xib */,
				509BEC0B1C97C0A500CF30CD /* TERT.xcdatamodeld */,
				509BEC041C97C0A500CF30CD /* Supporting Files */,
			);
			path = TERT;
			sourceTree = "<group>";
		};
		509BEC041C97C0A500CF30CD /* Supporting Files */ = {
			isa = PBXGroup;
			children = (
				509BEC051C97C0A500CF30CD /* Info.plist */,
				509BEC061C97C0A500CF30CD /* main.m */,
			);
			name = "Supporting Files";
			sourceTree = "<group>";
		};
		509BEC231C97C0A500CF30CD /* TERTTests */ = {
			isa = PBXGroup;
			children = (
				509BEC261C97C0A500CF30CD /* TERTTests.m */,
				509BEC241C97C0A500CF30CD /* Supporting Files */,
			);
			path = TERTTests;
			sourceTree = "<group>";
		};
		509BEC241C97C0A500CF30CD /* Supporting Files */ = {
			isa = PBXGroup;
			children = (
				509BEC251C97C0A500CF30CD /* Info.plist */,
			);
			name = "Supporting Files";
			sourceTree = "<group>";
		};
/* End PBXGroup section */

/* Begin PBXNativeTarget section */
		509BEC001C97C0A500CF30CD /* TERT */ = {
			isa = PBXNativeTarget;
			buildConfigurationList = 509BEC2A1C97C0A500CF30CD /* Build configuration list for PBXNativeTarget "TERT" */;
			buildPhases = (
				509BEBFD1C97C0A500CF30CD /* Sources */,
				509BEBFE1C97C0A500CF30CD /* Frameworks */,
				509BEBFF1C97C0A500CF30CD /* Resources */,
			);
			buildRules = (
			);
			dependencies = (
			);
			name = TERT;
			productName = TERT;
			productReference = 509BEC011C97C0A500CF30CD /* TERT.app */;
			productType = "com.apple.product-type.application";
		};
		509BEC1F1C97C0A500CF30CD /* TERTTests */ = {
			isa = PBXNativeTarget;
			buildConfigurationList = 509BEC2D1C97C0A500CF30CD /* Build configuration list for PBXNativeTarget "TERTTests" */;
			buildPhases = (
				509BEC1C1C97C0A500CF30CD /* Sources */,
				509BEC1D1C97C0A500CF30CD /* Frameworks */,
				509BEC1E1C97C0A500CF30CD /* Resources */,
			);
			buildRules = (
			);
			dependencies = (
				509BEC221C97C0A500CF30CD /* PBXTargetDependency */,
			);
			name = TERTTests;
			productName = TERTTests;
			productReference = 509BEC201C97C0A500CF30CD /* TERTTests.xctest */;
			productType = "com.apple.product-type.bundle.unit-test";
		};
/* End PBXNativeTarget section */

/* Begin PBXProject section */
		509BEBF91C97C0A500CF30CD /* Project object */ = {
			isa = PBXProject;
			attributes = {
				LastUpgradeCheck = 0640;
				ORGANIZATIONNAME = SDLL18;
				TargetAttributes = {
					509BEC001C97C0A500CF30CD = {
						CreatedOnToolsVersion = 6.4;
					};
					509BEC1F1C97C0A500CF30CD = {
						CreatedOnToolsVersion = 6.4;
						TestTargetID = 509BEC001C97C0A500CF30CD;
					};
				};
			};
			buildConfigurationList = 509BEBFC1C97C0A500CF30CD /* Build configuration list for PBXProject "TERT" */;
			compatibilityVersion = "Xcode 3.2";
			developmentRegion = English;
			hasScannedForEncodings = 0;
			knownRegions = (
				en,
				Base,
			);
			mainGroup = 509BEBF81C97C0A500CF30CD;
			productRefGroup = 509BEC021C97C0A500CF30CD /* Products */;
			projectDirPath = "";
			projectRoot = "";
			targets = (
				509BEC001C97C0A500CF30CD /* TERT */,
				509BEC1F1C97C0A500CF30CD /* TERTTests */,
			);
		};
/* End PBXProject section */

/* Begin PBXResourcesBuildPhase section */
		509BEBFF1C97C0A500CF30CD /* Resources */ = {
			isa = PBXResourcesBuildPhase;
			buildActionMask = 2147483647;
			files = (
				509BEC161C97C0A500CF30CD /* Main.storyboard in Resources */,
				509BEC1B1C97C0A500CF30CD /* LaunchScreen.xib in Resources */,
				509BEC181C97C0A500CF30CD /* Images.xcassets in Resources */,
			);
			runOnlyForDeploymentPostprocessing = 0;
		};
		509BEC1E1C97C0A500CF30CD /* Resources */ = {
			isa = PBXResourcesBuildPhase;
			buildActionMask = 2147483647;
			files = (
			);
			runOnlyForDeploymentPostprocessing = 0;
		};
/* End PBXResourcesBuildPhase section */

/* Begin PBXSourcesBuildPhase section */
		509BEBFD1C97C0A500CF30CD /* Sources */ = {
			isa = PBXSourcesBuildPhase;
			buildActionMask = 2147483647;
			files = (
				509BEC131C97C0A500CF30CD /* DetailViewController.m in Sources */,
				509BEC101C97C0A500CF30CD /* MasterViewController.m in Sources */,
				509BEC0D1C97C0A500CF30CD /* TERT.xcdatamodeld in Sources */,
				509BEC0A1C97C0A500CF30CD /* AppDelegate.m in Sources */,
				509BEC071C97C0A500CF30CD /* main.m in Sources */,
			);
			runOnlyForDeploymentPostprocessing = 0;
		};
		509BEC1C1C97C0A500CF30CD /* Sources */ = {
			isa = PBXSourcesBuildPhase;
			buildActionMask = 2147483647;
			files = (
				509BEC271C97C0A500CF30CD /* TERTTests.m in Sources */,
			);
			runOnlyForDeploymentPostprocessing = 0;
		};
/* End PBXSourcesBuildPhase section */

/* Begin PBXTargetDependency section */
		509BEC221C97C0A500CF30CD /* PBXTargetDependency */ = {
			isa = PBXTargetDependency;
			target = 509BEC001C97C0A500CF30CD /* TERT */;
			targetProxy = 509BEC211C97C0A500CF30CD /* PBXContainerItemProxy */;
		};
/* End PBXTargetDependency section */

/* Begin PBXVariantGroup section */
		509BEC141C97C0A500CF30CD /* Main.storyboard */ = {
			isa = PBXVariantGroup;
			children = (
				509BEC151C97C0A500CF30CD /* Base */,
			);
			name = Main.storyboard;
			sourceTree = "<group>";
		};
		509BEC191C97C0A500CF30CD /* LaunchScreen.xib */ = {
			isa = PBXVariantGroup;
			children = (
				509BEC1A1C97C0A500CF30CD /* Base */,
			);
			name = LaunchScreen.xib;
			sourceTree = "<group>";
		};
/* End PBXVariantGroup section */

/* Begin XCBuildConfiguration section */
		509BEC281C97C0A500CF30CD /* Debug */ = {
			isa = XCBuildConfiguration;
			buildSettings = {
				ALWAYS_SEARCH_USER_PATHS = NO;
				CLANG_CXX_LANGUAGE_STANDARD = "gnu++0x";
				CLANG_CXX_LIBRARY = "libc++";
				CLANG_ENABLE_MODULES = YES;
				CLANG_ENABLE_OBJC_ARC = YES;
				CLANG_WARN_BOOL_CONVERSION = YES;
				CLANG_WARN_CONSTANT_CONVERSION = YES;
				CLANG_WARN_DIRECT_OBJC_ISA_USAGE = YES_ERROR;
				CLANG_WARN_EMPTY_BODY = YES;
				CLANG_WARN_ENUM_CONVERSION = YES;
				CLANG_WARN_INT_CONVERSION = YES;
				CLANG_WARN_OBJC_ROOT_CLASS = YES_ERROR;
				CLANG_WARN_UNREACHABLE_CODE = YES;
				CLANG_WARN__DUPLICATE_METHOD_MATCH = YES;
				"CODE_SIGN_IDENTITY[sdk=iphoneos*]" = "iPhone Developer";
				COPY_PHASE_STRIP = NO;
				DEBUG_INFORMATION_FORMAT = "dwarf-with-dsym";
				ENABLE_STRICT_OBJC_MSGSEND = YES;
				GCC_C_LANGUAGE_STANDARD = gnu99;
				GCC_DYNAMIC_NO_PIC = NO;
				GCC_NO_COMMON_BLOCKS = YES;
				GCC_OPTIMIZATION_LEVEL = 0;
				GCC_PREPROCESSOR_DEFINITIONS = (
					"DEBUG=1",
					"$(inherited)",
				);
				GCC_SYMBOLS_PRIVATE_EXTERN = NO;
				GCC_WARN_64_TO_32_BIT_CONVERSION = YES;
				GCC_WARN_ABOUT_RETURN_TYPE = YES_ERROR;
				GCC_WARN_UNDECLARED_SELECTOR = YES;
				GCC_WARN_UNINITIALIZED_AUTOS = YES_AGGRESSIVE;
				GCC_WARN_UNUSED_FUNCTION = YES;
				GCC_WARN_UNUSED_VARIABLE = YES;
				IPHONEOS_DEPLOYMENT_TARGET = 8.4;
				MTL_ENABLE_DEBUG_INFO = YES;
				ONLY_ACTIVE_ARCH = YES;
				SDKROOT = iphoneos;
				TARGETED_DEVICE_FAMILY = 2;
			};
			name = Debug;
		};
		509BEC291C97C0A500CF30CD /* Release */ = {
			isa = XCBuildConfiguration;
			buildSettings = {
				ALWAYS_SEARCH_USER_PATHS = NO;
				CLANG_CXX_LANGUAGE_STANDARD = "gnu++0x";
				CLANG_CXX_LIBRARY = "libc++";
				CLANG_ENABLE_MODULES = YES;
				CLANG_ENABLE_OBJC_ARC = YES;
				CLANG_WARN_BOOL_CONVERSION = YES;
				CLANG_WARN_CONSTANT_CONVERSION = YES;
				CLANG_WARN_DIRECT_OBJC_ISA_USAGE = YES_ERROR;
				CLANG_WARN_EMPTY_BODY = YES;
				CLANG_WARN_ENUM_CONVERSION = YES;
				CLANG_WARN_INT_CONVERSION = YES;
				CLANG_WARN_OBJC_ROOT_CLASS = YES_ERROR;
				CLANG_WARN_UNREACHABLE_CODE = YES;
				CLANG_WARN__DUPLICATE_METHOD_MATCH = YES;
				"CODE_SIGN_IDENTITY[sdk=iphoneos*]" = "iPhone Developer";
				COPY_PHASE_STRIP = NO;
				DEBUG_INFORMATION_FORMAT = "dwarf-with-dsym";
				ENABLE_NS_ASSERTIONS = NO;
				ENABLE_STRICT_OBJC_MSGSEND = YES;
				GCC_C_LANGUAGE_STANDARD = gnu99;
				GCC_NO_COMMON_BLOCKS = YES;
				GCC_WARN_64_TO_32_BIT_CONVERSION = YES;
				GCC_WARN_ABOUT_RETURN_TYPE = YES_ERROR;
				GCC_WARN_UNDECLARED_SELECTOR = YES;
				GCC_WARN_UNINITIALIZED_AUTOS = YES_AGGRESSIVE;
				GCC_WARN_UNUSED_FUNCTION = YES;
				GCC_WARN_UNUSED_VARIABLE = YES;
				IPHONEOS_DEPLOYMENT_TARGET = 8.4;
				MTL_ENABLE_DEBUG_INFO = NO;
				SDKROOT = iphoneos;
				TARGETED_DEVICE_FAMILY = 2;
				VALIDATE_PRODUCT = YES;
			};
			name = Release;
		};
		509BEC2B1C97C0A500CF30CD /* Debug */ = {
			isa = XCBuildConfiguration;
			buildSettings = {
				ASSETCATALOG_COMPILER_APPICON_NAME = AppIcon;
				INFOPLIST_FILE = TERT/Info.plist;
				LD_RUNPATH_SEARCH_PATHS = "$(inherited) @executable_path/Frameworks";
				PRODUCT_NAME = "$(TARGET_NAME)";
			};
			name = Debug;
		};
		509BEC2C1C97C0A500CF30CD /* Release */ = {
			isa = XCBuildConfiguration;
			buildSettings = {
				ASSETCATALOG_COMPILER_APPICON_NAME = AppIcon;
				INFOPLIST_FILE = TERT/Info.plist;
				LD_RUNPATH_SEARCH_PATHS = "$(inherited) @executable_path/Frameworks";
				PRODUCT_NAME = "$(TARGET_NAME)";
			};
			name = Release;
		};
		509BEC2E1C97C0A500CF30CD /* Debug */ = {
			isa = XCBuildConfiguration;
			buildSettings = {
				BUNDLE_LOADER = "$(TEST_HOST)";
				FRAMEWORK_SEARCH_PATHS = (
					"$(SDKROOT)/Developer/Library/Frameworks",
					"$(inherited)",
				);
				GCC_PREPROCESSOR_DEFINITIONS = (
					"DEBUG=1",
					"$(inherited)",
				);
				INFOPLIST_FILE = TERTTests/Info.plist;
				LD_RUNPATH_SEARCH_PATHS = "$(inherited) @executable_path/Frameworks @loader_path/Frameworks";
				PRODUCT_NAME = "$(TARGET_NAME)";
				TEST_HOST = "$(BUILT_PRODUCTS_DIR)/TERT.app/TERT";
			};
			name = Debug;
		};
		509BEC2F1C97C0A500CF30CD /* Release */ = {
			isa = XCBuildConfiguration;
			buildSettings = {
				BUNDLE_LOADER = "$(TEST_HOST)";
				FRAMEWORK_SEARCH_PATHS = (
					"$(SDKROOT)/Developer/Library/Frameworks",
					"$(inherited)",
				);
				INFOPLIST_FILE = TERTTests/Info.plist;
				LD_RUNPATH_SEARCH_PATHS = "$(inherited) @executable_path/Frameworks @loader_path/Frameworks";
				PRODUCT_NAME = "$(TARGET_NAME)";
				TEST_HOST = "$(BUILT_PRODUCTS_DIR)/TERT.app/TERT";
			};
			name = Release;
		};
/* End XCBuildConfiguration section */

/* Begin XCConfigurationList section */
		509BEBFC1C97C0A500CF30CD /* Build configuration list for PBXProject "TERT" */ = {
			isa = XCConfigurationList;
			buildConfigurations = (
				509BEC281C97C0A500CF30CD /* Debug */,
				509BEC291C97C0A500CF30CD /* Release */,
			);
			defaultConfigurationIsVisible = 0;
			defaultConfigurationName = Release;
		};
		509BEC2A1C97C0A500CF30CD /* Build configuration list for PBXNativeTarget "TERT" */ = {
			isa = XCConfigurationList;
			buildConfigurations = (
				509BEC2B1C97C0A500CF30CD /* Debug */,
				509BEC2C1C97C0A500CF30CD /* Release */,
			);
			defaultConfigurationIsVisible = 0;
		};
		509BEC2D1C97C0A500CF30CD /* Build configuration list for PBXNativeTarget "TERTTests" */ = {
			isa = XCConfigurationList;
			buildConfigurations = (
				509BEC2E1C97C0A500CF30CD /* Debug */,
				509BEC2F1C97C0A500CF30CD /* Release */,
			);
			defaultConfigurationIsVisible = 0;
		};
/* End XCConfigurationList section */

/* Begin XCVersionGroup section */
		509BEC0B1C97C0A500CF30CD /* TERT.xcdatamodeld */ = {
			isa = XCVersionGroup;
			children = (
				509BEC0C1C97C0A500CF30CD /* TERT.xcdatamodel */,
			);
			currentVersion = 509BEC0C1C97C0A500CF30CD /* TERT.xcdatamodel */;
			path = TERT.xcdatamodeld;
			sourceTree = "<group>";
			versionGroupType = wrapper.xcdatamodel;
		};
/* End XCVersionGroup section */
	};
	rootObject = 509BEBF91C97C0A500CF30CD /* Project object */;
}
