// !$*UTF8*$!
{
	archiveVersion = 1;
	classes = {
	};
	objectVersion = 46;
	objects = {

/* Begin PBXBuildFile section */
		50EF5EF9195D5922000C9C3E /* AppDelegate.swift in Sources */ = {isa = PBXBuildFile; fileRef = 50EF5EF8195D5922000C9C3E /* AppDelegate.swift */; };
		50EF5EFB195D5922000C9C3E /* Shader.fsh in Resources */ = {isa = PBXBuildFile; fileRef = 50EF5EFA195D5922000C9C3E /* Shader.fsh */; };
		50EF5EFD195D5922000C9C3E /* Shader.vsh in Resources */ = {isa = PBXBuildFile; fileRef = 50EF5EFC195D5922000C9C3E /* Shader.vsh */; };
		50EF5EFF195D5922000C9C3E /* GameViewController.swift in Sources */ = {isa = PBXBuildFile; fileRef = 50EF5EFE195D5922000C9C3E /* GameViewController.swift */; };
		50EF5F02195D5922000C9C3E /* Main.storyboard in Resources */ = {isa = PBXBuildFile; fileRef = 50EF5F00195D5922000C9C3E /* Main.storyboard */; };
		50EF5F04195D5922000C9C3E /* Images.xcassets in Resources */ = {isa = PBXBuildFile; fileRef = 50EF5F03195D5922000C9C3E /* Images.xcassets */; };
		50EF5F10195D5922000C9C3E /* gameTests.swift in Sources */ = {isa = PBXBuildFile; fileRef = 50EF5F0F195D5922000C9C3E /* gameTests.swift */; };
/* End PBXBuildFile section */

/* Begin PBXContainerItemProxy section */
		50EF5F0A195D5922000C9C3E /* PBXContainerItemProxy */ = {
			isa = PBXContainerItemProxy;
			containerPortal = 50EF5EEB195D5922000C9C3E /* Project object */;
			proxyType = 1;
			remoteGlobalIDString = 50EF5EF2195D5922000C9C3E;
			remoteInfo = game;
		};
/* End PBXContainerItemProxy section */

/* Begin PBXFileReference section */
		50EF5EF3195D5922000C9C3E /* game.app */ = {isa = PBXFileReference; explicitFileType = wrapper.application; includeInIndex = 0; path = game.app; sourceTree = BUILT_PRODUCTS_DIR; };
		50EF5EF7195D5922000C9C3E /* Info.plist */ = {isa = PBXFileReference; lastKnownFileType = text.plist.xml; path = Info.plist; sourceTree = "<group>"; };
		50EF5EF8195D5922000C9C3E /* AppDelegate.swift */ = {isa = PBXFileReference; lastKnownFileType = sourcecode.swift; path = AppDelegate.swift; sourceTree = "<group>"; };
		50EF5EFA195D5922000C9C3E /* Shader.fsh */ = {isa = PBXFileReference; lastKnownFileType = sourcecode.glsl; name = Shader.fsh; path = Shaders/Shader.fsh; sourceTree = "<group>"; };
		50EF5EFC195D5922000C9C3E /* Shader.vsh */ = {isa = PBXFileReference; lastKnownFileType = sourcecode.glsl; name = Shader.vsh; path = Shaders/Shader.vsh; sourceTree = "<group>"; };
		50EF5EFE195D5922000C9C3E /* GameViewController.swift */ = {isa = PBXFileReference; lastKnownFileType = sourcecode.swift; path = GameViewController.swift; sourceTree = "<group>"; };
		50EF5F01195D5922000C9C3E /* Base */ = {isa = PBXFileReference; lastKnownFileType = file.storyboard; name = Base; path = Base.lproj/Main.storyboard; sourceTree = "<group>"; };
		50EF5F03195D5922000C9C3E /* Images.xcassets */ = {isa = PBXFileReference; lastKnownFileType = folder.assetcatalog; path = Images.xcassets; sourceTree = "<group>"; };
		50EF5F09195D5922000C9C3E /* gameTests.xctest */ = {isa = PBXFileReference; explicitFileType = wrapper.cfbundle; includeInIndex = 0; path = gameTests.xctest; sourceTree = BUILT_PRODUCTS_DIR; };
		50EF5F0E195D5922000C9C3E /* Info.plist */ = {isa = PBXFileReference; lastKnownFileType = text.plist.xml; path = Info.plist; sourceTree = "<group>"; };
		50EF5F0F195D5922000C9C3E /* gameTests.swift */ = {isa = PBXFileReference; lastKnownFileType = sourcecode.swift; path = gameTests.swift; sourceTree = "<group>"; };
/* End PBXFileReference section */

/* Begin PBXFrameworksBuildPhase section */
		50EF5EF0195D5922000C9C3E /* Frameworks */ = {
			isa = PBXFrameworksBuildPhase;
			buildActionMask = 2147483647;
			files = (
			);
			runOnlyForDeploymentPostprocessing = 0;
		};
		50EF5F06195D5922000C9C3E /* Frameworks */ = {
			isa = PBXFrameworksBuildPhase;
			buildActionMask = 2147483647;
			files = (
			);
			runOnlyForDeploymentPostprocessing = 0;
		};
/* End PBXFrameworksBuildPhase section */

/* Begin PBXGroup section */
		50EF5EEA195D5922000C9C3E = {
			isa = PBXGroup;
			children = (
				50EF5EF5195D5922000C9C3E /* game */,
				50EF5F0C195D5922000C9C3E /* gameTests */,
				50EF5EF4195D5922000C9C3E /* Products */,
			);
			sourceTree = "<group>";
		};
		50EF5EF4195D5922000C9C3E /* Products */ = {
			isa = PBXGroup;
			children = (
				50EF5EF3195D5922000C9C3E /* game.app */,
				50EF5F09195D5922000C9C3E /* gameTests.xctest */,
			);
			name = Products;
			sourceTree = "<group>";
		};
		50EF5EF5195D5922000C9C3E /* game */ = {
			isa = PBXGroup;
			children = (
				50EF5EF8195D5922000C9C3E /* AppDelegate.swift */,
				50EF5EFA195D5922000C9C3E /* Shader.fsh */,
				50EF5EFC195D5922000C9C3E /* Shader.vsh */,
				50EF5EFE195D5922000C9C3E /* GameViewController.swift */,
				50EF5F00195D5922000C9C3E /* Main.storyboard */,
				50EF5F03195D5922000C9C3E /* Images.xcassets */,
				50EF5EF6195D5922000C9C3E /* Supporting Files */,
			);
			path = game;
			sourceTree = "<group>";
		};
		50EF5EF6195D5922000C9C3E /* Supporting Files */ = {
			isa = PBXGroup;
			children = (
				50EF5EF7195D5922000C9C3E /* Info.plist */,
			);
			name = "Supporting Files";
			sourceTree = "<group>";
		};
		50EF5F0C195D5922000C9C3E /* gameTests */ = {
			isa = PBXGroup;
			children = (
				50EF5F0F195D5922000C9C3E /* gameTests.swift */,
				50EF5F0D195D5922000C9C3E /* Supporting Files */,
			);
			path = gameTests;
			sourceTree = "<group>";
		};
		50EF5F0D195D5922000C9C3E /* Supporting Files */ = {
			isa = PBXGroup;
			children = (
				50EF5F0E195D5922000C9C3E /* Info.plist */,
			);
			name = "Supporting Files";
			sourceTree = "<group>";
		};
/* End PBXGroup section */

/* Begin PBXNativeTarget section */
		50EF5EF2195D5922000C9C3E /* game */ = {
			isa = PBXNativeTarget;
			buildConfigurationList = 50EF5F13195D5922000C9C3E /* Build configuration list for PBXNativeTarget "game" */;
			buildPhases = (
				50EF5EEF195D5922000C9C3E /* Sources */,
				50EF5EF0195D5922000C9C3E /* Frameworks */,
				50EF5EF1195D5922000C9C3E /* Resources */,
			);
			buildRules = (
			);
			dependencies = (
			);
			name = game;
			productName = game;
			productReference = 50EF5EF3195D5922000C9C3E /* game.app */;
			productType = "com.apple.product-type.application";
		};
		50EF5F08195D5922000C9C3E /* gameTests */ = {
			isa = PBXNativeTarget;
			buildConfigurationList = 50EF5F16195D5922000C9C3E /* Build configuration list for PBXNativeTarget "gameTests" */;
			buildPhases = (
				50EF5F05195D5922000C9C3E /* Sources */,
				50EF5F06195D5922000C9C3E /* Frameworks */,
				50EF5F07195D5922000C9C3E /* Resources */,
			);
			buildRules = (
			);
			dependencies = (
				50EF5F0B195D5922000C9C3E /* PBXTargetDependency */,
			);
			name = gameTests;
			productName = gameTests;
			productReference = 50EF5F09195D5922000C9C3E /* gameTests.xctest */;
			productType = "com.apple.product-type.bundle.unit-test";
		};
/* End PBXNativeTarget section */

/* Begin PBXProject section */
		50EF5EEB195D5922000C9C3E /* Project object */ = {
			isa = PBXProject;
			attributes = {
				LastUpgradeCheck = 0600;
				ORGANIZATIONNAME = SDLL18;
				TargetAttributes = {
					50EF5EF2195D5922000C9C3E = {
						CreatedOnToolsVersion = 6.0;
					};
					50EF5F08195D5922000C9C3E = {
						CreatedOnToolsVersion = 6.0;
						TestTargetID = 50EF5EF2195D5922000C9C3E;
					};
				};
			};
			buildConfigurationList = 50EF5EEE195D5922000C9C3E /* Build configuration list for PBXProject "game" */;
			compatibilityVersion = "Xcode 3.2";
			developmentRegion = English;
			hasScannedForEncodings = 0;
			knownRegions = (
				en,
				Base,
			);
			mainGroup = 50EF5EEA195D5922000C9C3E;
			productRefGroup = 50EF5EF4195D5922000C9C3E /* Products */;
			projectDirPath = "";
			projectRoot = "";
			targets = (
				50EF5EF2195D5922000C9C3E /* game */,
				50EF5F08195D5922000C9C3E /* gameTests */,
			);
		};
/* End PBXProject section */

/* Begin PBXResourcesBuildPhase section */
		50EF5EF1195D5922000C9C3E /* Resources */ = {
			isa = PBXResourcesBuildPhase;
			buildActionMask = 2147483647;
			files = (
				50EF5F02195D5922000C9C3E /* Main.storyboard in Resources */,
				50EF5F04195D5922000C9C3E /* Images.xcassets in Resources */,
				50EF5EFD195D5922000C9C3E /* Shader.vsh in Resources */,
				50EF5EFB195D5922000C9C3E /* Shader.fsh in Resources */,
			);
			runOnlyForDeploymentPostprocessing = 0;
		};
		50EF5F07195D5922000C9C3E /* Resources */ = {
			isa = PBXResourcesBuildPhase;
			buildActionMask = 2147483647;
			files = (
			);
			runOnlyForDeploymentPostprocessing = 0;
		};
/* End PBXResourcesBuildPhase section */

/* Begin PBXSourcesBuildPhase section */
		50EF5EEF195D5922000C9C3E /* Sources */ = {
			isa = PBXSourcesBuildPhase;
			buildActionMask = 2147483647;
			files = (
				50EF5EFF195D5922000C9C3E /* GameViewController.swift in Sources */,
				50EF5EF9195D5922000C9C3E /* AppDelegate.swift in Sources */,
			);
			runOnlyForDeploymentPostprocessing = 0;
		};
		50EF5F05195D5922000C9C3E /* Sources */ = {
			isa = PBXSourcesBuildPhase;
			buildActionMask = 2147483647;
			files = (
				50EF5F10195D5922000C9C3E /* gameTests.swift in Sources */,
			);
			runOnlyForDeploymentPostprocessing = 0;
		};
/* End PBXSourcesBuildPhase section */

/* Begin PBXTargetDependency section */
		50EF5F0B195D5922000C9C3E /* PBXTargetDependency */ = {
			isa = PBXTargetDependency;
			target = 50EF5EF2195D5922000C9C3E /* game */;
			targetProxy = 50EF5F0A195D5922000C9C3E /* PBXContainerItemProxy */;
		};
/* End PBXTargetDependency section */

/* Begin PBXVariantGroup section */
		50EF5F00195D5922000C9C3E /* Main.storyboard */ = {
			isa = PBXVariantGroup;
			children = (
				50EF5F01195D5922000C9C3E /* Base */,
			);
			name = Main.storyboard;
			sourceTree = "<group>";
		};
/* End PBXVariantGroup section */

/* Begin XCBuildConfiguration section */
		50EF5F11195D5922000C9C3E /* Debug */ = {
			isa = XCBuildConfiguration;
			buildSettings = {
				ALWAYS_SEARCH_USER_PATHS = NO;
				CLANG_CXX_LANGUAGE_STANDARD = "gnu++0x";
				CLANG_CXX_LIBRARY = "libc++";
				CLANG_ENABLE_MODULES = YES;
				CLANG_ENABLE_OBJC_ARC = YES;
				CLANG_WARN_BOOL_CONVERSION = YES;
				CLANG_WARN_CONSTANT_CONVERSION = YES;
				CLANG_WARN_DIRECT_OBJC_ISA_USAGE = YES_ERROR;
				CLANG_WARN_EMPTY_BODY = YES;
				CLANG_WARN_ENUM_CONVERSION = YES;
				CLANG_WARN_INT_CONVERSION = YES;
				CLANG_WARN_OBJC_ROOT_CLASS = YES_ERROR;
				CLANG_WARN_UNREACHABLE_CODE = YES;
				CLANG_WARN__DUPLICATE_METHOD_MATCH = YES;
				"CODE_SIGN_IDENTITY[sdk=iphoneos*]" = "iPhone Developer";
				COPY_PHASE_STRIP = NO;
				ENABLE_STRICT_OBJC_MSGSEND = YES;
				GCC_C_LANGUAGE_STANDARD = gnu99;
				GCC_DYNAMIC_NO_PIC = NO;
				GCC_OPTIMIZATION_LEVEL = 0;
				GCC_PREPROCESSOR_DEFINITIONS = (
					"DEBUG=1",
					"$(inherited)",
				);
				GCC_SYMBOLS_PRIVATE_EXTERN = NO;
				GCC_WARN_64_TO_32_BIT_CONVERSION = YES;
				GCC_WARN_ABOUT_RETURN_TYPE = YES_ERROR;
				GCC_WARN_UNDECLARED_SELECTOR = YES;
				GCC_WARN_UNINITIALIZED_AUTOS = YES_AGGRESSIVE;
				GCC_WARN_UNUSED_FUNCTION = YES;
				GCC_WARN_UNUSED_VARIABLE = YES;
				IPHONEOS_DEPLOYMENT_TARGET = 8.0;
				METAL_ENABLE_DEBUG_INFO = YES;
				ONLY_ACTIVE_ARCH = YES;
				SDKROOT = iphoneos;
				SWIFT_OPTIMIZATION_LEVEL = "-Onone";
				TARGETED_DEVICE_FAMILY = "1,2";
			};
			name = Debug;
		};
		50EF5F12195D5922000C9C3E /* Release */ = {
			isa = XCBuildConfiguration;
			buildSettings = {
				ALWAYS_SEARCH_USER_PATHS = NO;
				CLANG_CXX_LANGUAGE_STANDARD = "gnu++0x";
				CLANG_CXX_LIBRARY = "libc++";
				CLANG_ENABLE_MODULES = YES;
				CLANG_ENABLE_OBJC_ARC = YES;
				CLANG_WARN_BOOL_CONVERSION = YES;
				CLANG_WARN_CONSTANT_CONVERSION = YES;
				CLANG_WARN_DIRECT_OBJC_ISA_USAGE = YES_ERROR;
				CLANG_WARN_EMPTY_BODY = YES;
				CLANG_WARN_ENUM_CONVERSION = YES;
				CLANG_WARN_INT_CONVERSION = YES;
				CLANG_WARN_OBJC_ROOT_CLASS = YES_ERROR;
				CLANG_WARN_UNREACHABLE_CODE = YES;
				CLANG_WARN__DUPLICATE_METHOD_MATCH = YES;
				"CODE_SIGN_IDENTITY[sdk=iphoneos*]" = "iPhone Developer";
				COPY_PHASE_STRIP = YES;
				ENABLE_NS_ASSERTIONS = NO;
				ENABLE_STRICT_OBJC_MSGSEND = YES;
				GCC_C_LANGUAGE_STANDARD = gnu99;
				GCC_WARN_64_TO_32_BIT_CONVERSION = YES;
				GCC_WARN_ABOUT_RETURN_TYPE = YES_ERROR;
				GCC_WARN_UNDECLARED_SELECTOR = YES;
				GCC_WARN_UNINITIALIZED_AUTOS = YES_AGGRESSIVE;
				GCC_WARN_UNUSED_FUNCTION = YES;
				GCC_WARN_UNUSED_VARIABLE = YES;
				IPHONEOS_DEPLOYMENT_TARGET = 8.0;
				METAL_ENABLE_DEBUG_INFO = NO;
				SDKROOT = iphoneos;
				TARGETED_DEVICE_FAMILY = "1,2";
				VALIDATE_PRODUCT = YES;
			};
			name = Release;
		};
		50EF5F14195D5922000C9C3E /* Debug */ = {
			isa = XCBuildConfiguration;
			buildSettings = {
				ASSETCATALOG_COMPILER_APPICON_NAME = AppIcon;
				ASSETCATALOG_COMPILER_LAUNCHIMAGE_NAME = LaunchImage;
				INFOPLIST_FILE = game/Info.plist;
				LD_RUNPATH_SEARCH_PATHS = "$(inherited) @executable_path/Frameworks";
				PRODUCT_NAME = "$(TARGET_NAME)";
			};
			name = Debug;
		};
		50EF5F15195D5922000C9C3E /* Release */ = {
			isa = XCBuildConfiguration;
			buildSettings = {
				ASSETCATALOG_COMPILER_APPICON_NAME = AppIcon;
				ASSETCATALOG_COMPILER_LAUNCHIMAGE_NAME = LaunchImage;
				INFOPLIST_FILE = game/Info.plist;
				LD_RUNPATH_SEARCH_PATHS = "$(inherited) @executable_path/Frameworks";
				PRODUCT_NAME = "$(TARGET_NAME)";
			};
			name = Release;
		};
		50EF5F17195D5922000C9C3E /* Debug */ = {
			isa = XCBuildConfiguration;
			buildSettings = {
				BUNDLE_LOADER = "$(BUILT_PRODUCTS_DIR)/game.app/game";
				FRAMEWORK_SEARCH_PATHS = (
					"$(SDKROOT)/Developer/Library/Frameworks",
					"$(inherited)",
				);
				GCC_PREPROCESSOR_DEFINITIONS = (
					"DEBUG=1",
					"$(inherited)",
				);
				INFOPLIST_FILE = gameTests/Info.plist;
				LD_RUNPATH_SEARCH_PATHS = "$(inherited) @executable_path/Frameworks @loader_path/Frameworks";
				METAL_ENABLE_DEBUG_INFO = YES;
				PRODUCT_NAME = "$(TARGET_NAME)";
				TEST_HOST = "$(BUNDLE_LOADER)";
			};
			name = Debug;
		};
		50EF5F18195D5922000C9C3E /* Release */ = {
			isa = XCBuildConfiguration;
			buildSettings = {
				BUNDLE_LOADER = "$(BUILT_PRODUCTS_DIR)/game.app/game";
				FRAMEWORK_SEARCH_PATHS = (
					"$(SDKROOT)/Developer/Library/Frameworks",
					"$(inherited)",
				);
				INFOPLIST_FILE = gameTests/Info.plist;
				LD_RUNPATH_SEARCH_PATHS = "$(inherited) @executable_path/Frameworks @loader_path/Frameworks";
				METAL_ENABLE_DEBUG_INFO = NO;
				PRODUCT_NAME = "$(TARGET_NAME)";
				TEST_HOST = "$(BUNDLE_LOADER)";
			};
			name = Release;
		};
/* End XCBuildConfiguration section */

/* Begin XCConfigurationList section */
		50EF5EEE195D5922000C9C3E /* Build configuration list for PBXProject "game" */ = {
			isa = XCConfigurationList;
			buildConfigurations = (
				50EF5F11195D5922000C9C3E /* Debug */,
				50EF5F12195D5922000C9C3E /* Release */,
			);
			defaultConfigurationIsVisible = 0;
			defaultConfigurationName = Release;
		};
		50EF5F13195D5922000C9C3E /* Build configuration list for PBXNativeTarget "game" */ = {
			isa = XCConfigurationList;
			buildConfigurations = (
				50EF5F14195D5922000C9C3E /* Debug */,
				50EF5F15195D5922000C9C3E /* Release */,
			);
			defaultConfigurationIsVisible = 0;
		};
		50EF5F16195D5922000C9C3E /* Build configuration list for PBXNativeTarget "gameTests" */ = {
			isa = XCConfigurationList;
			buildConfigurations = (
				50EF5F17195D5922000C9C3E /* Debug */,
				50EF5F18195D5922000C9C3E /* Release */,
			);
			defaultConfigurationIsVisible = 0;
		};
/* End XCConfigurationList section */
	};
	rootObject = 50EF5EEB195D5922000C9C3E /* Project object */;
}
