// !$*UTF8*$!
{
	archiveVersion = 1;
	classes = {
	};
	objectVersion = 46;
	objects = {

/* Begin PBXBuildFile section */
		50E22DED19D98D6E008D5AE2 /* main.m in Sources */ = {isa = PBXBuildFile; fileRef = 50E22DEC19D98D6E008D5AE2 /* main.m */; };
		50E22DF019D98D6E008D5AE2 /* AppDelegate.m in Sources */ = {isa = PBXBuildFile; fileRef = 50E22DEF19D98D6E008D5AE2 /* AppDelegate.m */; };
		50E22DF319D98D6E008D5AE2 /* ViewController.m in Sources */ = {isa = PBXBuildFile; fileRef = 50E22DF219D98D6E008D5AE2 /* ViewController.m */; };
		50E22DF619D98D6E008D5AE2 /* Main.storyboard in Resources */ = {isa = PBXBuildFile; fileRef = 50E22DF419D98D6E008D5AE2 /* Main.storyboard */; };
		50E22DF819D98D6E008D5AE2 /* Images.xcassets in Resources */ = {isa = PBXBuildFile; fileRef = 50E22DF719D98D6E008D5AE2 /* Images.xcassets */; };
		50E22DFB19D98D6E008D5AE2 /* LaunchScreen.xib in Resources */ = {isa = PBXBuildFile; fileRef = 50E22DF919D98D6E008D5AE2 /* LaunchScreen.xib */; };
		50E22E0719D98D6E008D5AE2 /* Hello_WorldTests.m in Sources */ = {isa = PBXBuildFile; fileRef = 50E22E0619D98D6E008D5AE2 /* Hello_WorldTests.m */; };
/* End PBXBuildFile section */

/* Begin PBXContainerItemProxy section */
		50E22E0119D98D6E008D5AE2 /* PBXContainerItemProxy */ = {
			isa = PBXContainerItemProxy;
			containerPortal = 50E22DDF19D98D6E008D5AE2 /* Project object */;
			proxyType = 1;
			remoteGlobalIDString = 50E22DE619D98D6E008D5AE2;
			remoteInfo = "Hello World";
		};
/* End PBXContainerItemProxy section */

/* Begin PBXFileReference section */
		50E22DE719D98D6E008D5AE2 /* Hello World.app */ = {isa = PBXFileReference; explicitFileType = wrapper.application; includeInIndex = 0; path = "Hello World.app"; sourceTree = BUILT_PRODUCTS_DIR; };
		50E22DEB19D98D6E008D5AE2 /* Info.plist */ = {isa = PBXFileReference; lastKnownFileType = text.plist.xml; path = Info.plist; sourceTree = "<group>"; };
		50E22DEC19D98D6E008D5AE2 /* main.m */ = {isa = PBXFileReference; lastKnownFileType = sourcecode.c.objc; path = main.m; sourceTree = "<group>"; };
		50E22DEE19D98D6E008D5AE2 /* AppDelegate.h */ = {isa = PBXFileReference; lastKnownFileType = sourcecode.c.h; path = AppDelegate.h; sourceTree = "<group>"; };
		50E22DEF19D98D6E008D5AE2 /* AppDelegate.m */ = {isa = PBXFileReference; lastKnownFileType = sourcecode.c.objc; path = AppDelegate.m; sourceTree = "<group>"; };
		50E22DF119D98D6E008D5AE2 /* ViewController.h */ = {isa = PBXFileReference; lastKnownFileType = sourcecode.c.h; path = ViewController.h; sourceTree = "<group>"; };
		50E22DF219D98D6E008D5AE2 /* ViewController.m */ = {isa = PBXFileReference; lastKnownFileType = sourcecode.c.objc; path = ViewController.m; sourceTree = "<group>"; };
		50E22DF519D98D6E008D5AE2 /* Base */ = {isa = PBXFileReference; lastKnownFileType = file.storyboard; name = Base; path = Base.lproj/Main.storyboard; sourceTree = "<group>"; };
		50E22DF719D98D6E008D5AE2 /* Images.xcassets */ = {isa = PBXFileReference; lastKnownFileType = folder.assetcatalog; path = Images.xcassets; sourceTree = "<group>"; };
		50E22DFA19D98D6E008D5AE2 /* Base */ = {isa = PBXFileReference; lastKnownFileType = file.xib; name = Base; path = Base.lproj/LaunchScreen.xib; sourceTree = "<group>"; };
		50E22E0019D98D6E008D5AE2 /* Hello WorldTests.xctest */ = {isa = PBXFileReference; explicitFileType = wrapper.cfbundle; includeInIndex = 0; path = "Hello WorldTests.xctest"; sourceTree = BUILT_PRODUCTS_DIR; };
		50E22E0519D98D6E008D5AE2 /* Info.plist */ = {isa = PBXFileReference; lastKnownFileType = text.plist.xml; path = Info.plist; sourceTree = "<group>"; };
		50E22E0619D98D6E008D5AE2 /* Hello_WorldTests.m */ = {isa = PBXFileReference; lastKnownFileType = sourcecode.c.objc; path = Hello_WorldTests.m; sourceTree = "<group>"; };
/* End PBXFileReference section */

/* Begin PBXFrameworksBuildPhase section */
		50E22DE419D98D6E008D5AE2 /* Frameworks */ = {
			isa = PBXFrameworksBuildPhase;
			buildActionMask = 2147483647;
			files = (
			);
			runOnlyForDeploymentPostprocessing = 0;
		};
		50E22DFD19D98D6E008D5AE2 /* Frameworks */ = {
			isa = PBXFrameworksBuildPhase;
			buildActionMask = 2147483647;
			files = (
			);
			runOnlyForDeploymentPostprocessing = 0;
		};
/* End PBXFrameworksBuildPhase section */

/* Begin PBXGroup section */
		50E22DDE19D98D6E008D5AE2 = {
			isa = PBXGroup;
			children = (
				50E22DE919D98D6E008D5AE2 /* Hello World */,
				50E22E0319D98D6E008D5AE2 /* Hello WorldTests */,
				50E22DE819D98D6E008D5AE2 /* Products */,
			);
			sourceTree = "<group>";
		};
		50E22DE819D98D6E008D5AE2 /* Products */ = {
			isa = PBXGroup;
			children = (
				50E22DE719D98D6E008D5AE2 /* Hello World.app */,
				50E22E0019D98D6E008D5AE2 /* Hello WorldTests.xctest */,
			);
			name = Products;
			sourceTree = "<group>";
		};
		50E22DE919D98D6E008D5AE2 /* Hello World */ = {
			isa = PBXGroup;
			children = (
				50E22DEE19D98D6E008D5AE2 /* AppDelegate.h */,
				50E22DEF19D98D6E008D5AE2 /* AppDelegate.m */,
				50E22DF119D98D6E008D5AE2 /* ViewController.h */,
				50E22DF219D98D6E008D5AE2 /* ViewController.m */,
				50E22DF419D98D6E008D5AE2 /* Main.storyboard */,
				50E22DF719D98D6E008D5AE2 /* Images.xcassets */,
				50E22DF919D98D6E008D5AE2 /* LaunchScreen.xib */,
				50E22DEA19D98D6E008D5AE2 /* Supporting Files */,
			);
			path = "Hello World";
			sourceTree = "<group>";
		};
		50E22DEA19D98D6E008D5AE2 /* Supporting Files */ = {
			isa = PBXGroup;
			children = (
				50E22DEB19D98D6E008D5AE2 /* Info.plist */,
				50E22DEC19D98D6E008D5AE2 /* main.m */,
			);
			name = "Supporting Files";
			sourceTree = "<group>";
		};
		50E22E0319D98D6E008D5AE2 /* Hello WorldTests */ = {
			isa = PBXGroup;
			children = (
				50E22E0619D98D6E008D5AE2 /* Hello_WorldTests.m */,
				50E22E0419D98D6E008D5AE2 /* Supporting Files */,
			);
			path = "Hello WorldTests";
			sourceTree = "<group>";
		};
		50E22E0419D98D6E008D5AE2 /* Supporting Files */ = {
			isa = PBXGroup;
			children = (
				50E22E0519D98D6E008D5AE2 /* Info.plist */,
			);
			name = "Supporting Files";
			sourceTree = "<group>";
		};
/* End PBXGroup section */

/* Begin PBXNativeTarget section */
		50E22DE619D98D6E008D5AE2 /* Hello World */ = {
			isa = PBXNativeTarget;
			buildConfigurationList = 50E22E0A19D98D6E008D5AE2 /* Build configuration list for PBXNativeTarget "Hello World" */;
			buildPhases = (
				50E22DE319D98D6E008D5AE2 /* Sources */,
				50E22DE419D98D6E008D5AE2 /* Frameworks */,
				50E22DE519D98D6E008D5AE2 /* Resources */,
			);
			buildRules = (
			);
			dependencies = (
			);
			name = "Hello World";
			productName = "Hello World";
			productReference = 50E22DE719D98D6E008D5AE2 /* Hello World.app */;
			productType = "com.apple.product-type.application";
		};
		50E22DFF19D98D6E008D5AE2 /* Hello WorldTests */ = {
			isa = PBXNativeTarget;
			buildConfigurationList = 50E22E0D19D98D6E008D5AE2 /* Build configuration list for PBXNativeTarget "Hello WorldTests" */;
			buildPhases = (
				50E22DFC19D98D6E008D5AE2 /* Sources */,
				50E22DFD19D98D6E008D5AE2 /* Frameworks */,
				50E22DFE19D98D6E008D5AE2 /* Resources */,
			);
			buildRules = (
			);
			dependencies = (
				50E22E0219D98D6E008D5AE2 /* PBXTargetDependency */,
			);
			name = "Hello WorldTests";
			productName = "Hello WorldTests";
			productReference = 50E22E0019D98D6E008D5AE2 /* Hello WorldTests.xctest */;
			productType = "com.apple.product-type.bundle.unit-test";
		};
/* End PBXNativeTarget section */

/* Begin PBXProject section */
		50E22DDF19D98D6E008D5AE2 /* Project object */ = {
			isa = PBXProject;
			attributes = {
				LastUpgradeCheck = 0600;
				ORGANIZATIONNAME = SDLL18;
				TargetAttributes = {
					50E22DE619D98D6E008D5AE2 = {
						CreatedOnToolsVersion = 6.0.1;
					};
					50E22DFF19D98D6E008D5AE2 = {
						CreatedOnToolsVersion = 6.0.1;
						TestTargetID = 50E22DE619D98D6E008D5AE2;
					};
				};
			};
			buildConfigurationList = 50E22DE219D98D6E008D5AE2 /* Build configuration list for PBXProject "Hello World" */;
			compatibilityVersion = "Xcode 3.2";
			developmentRegion = English;
			hasScannedForEncodings = 0;
			knownRegions = (
				en,
				Base,
			);
			mainGroup = 50E22DDE19D98D6E008D5AE2;
			productRefGroup = 50E22DE819D98D6E008D5AE2 /* Products */;
			projectDirPath = "";
			projectRoot = "";
			targets = (
				50E22DE619D98D6E008D5AE2 /* Hello World */,
				50E22DFF19D98D6E008D5AE2 /* Hello WorldTests */,
			);
		};
/* End PBXProject section */

/* Begin PBXResourcesBuildPhase section */
		50E22DE519D98D6E008D5AE2 /* Resources */ = {
			isa = PBXResourcesBuildPhase;
			buildActionMask = 2147483647;
			files = (
				50E22DF619D98D6E008D5AE2 /* Main.storyboard in Resources */,
				50E22DFB19D98D6E008D5AE2 /* LaunchScreen.xib in Resources */,
				50E22DF819D98D6E008D5AE2 /* Images.xcassets in Resources */,
			);
			runOnlyForDeploymentPostprocessing = 0;
		};
		50E22DFE19D98D6E008D5AE2 /* Resources */ = {
			isa = PBXResourcesBuildPhase;
			buildActionMask = 2147483647;
			files = (
			);
			runOnlyForDeploymentPostprocessing = 0;
		};
/* End PBXResourcesBuildPhase section */

/* Begin PBXSourcesBuildPhase section */
		50E22DE319D98D6E008D5AE2 /* Sources */ = {
			isa = PBXSourcesBuildPhase;
			buildActionMask = 2147483647;
			files = (
				50E22DF319D98D6E008D5AE2 /* ViewController.m in Sources */,
				50E22DF019D98D6E008D5AE2 /* AppDelegate.m in Sources */,
				50E22DED19D98D6E008D5AE2 /* main.m in Sources */,
			);
			runOnlyForDeploymentPostprocessing = 0;
		};
		50E22DFC19D98D6E008D5AE2 /* Sources */ = {
			isa = PBXSourcesBuildPhase;
			buildActionMask = 2147483647;
			files = (
				50E22E0719D98D6E008D5AE2 /* Hello_WorldTests.m in Sources */,
			);
			runOnlyForDeploymentPostprocessing = 0;
		};
/* End PBXSourcesBuildPhase section */

/* Begin PBXTargetDependency section */
		50E22E0219D98D6E008D5AE2 /* PBXTargetDependency */ = {
			isa = PBXTargetDependency;
			target = 50E22DE619D98D6E008D5AE2 /* Hello World */;
			targetProxy = 50E22E0119D98D6E008D5AE2 /* PBXContainerItemProxy */;
		};
/* End PBXTargetDependency section */

/* Begin PBXVariantGroup section */
		50E22DF419D98D6E008D5AE2 /* Main.storyboard */ = {
			isa = PBXVariantGroup;
			children = (
				50E22DF519D98D6E008D5AE2 /* Base */,
			);
			name = Main.storyboard;
			sourceTree = "<group>";
		};
		50E22DF919D98D6E008D5AE2 /* LaunchScreen.xib */ = {
			isa = PBXVariantGroup;
			children = (
				50E22DFA19D98D6E008D5AE2 /* Base */,
			);
			name = LaunchScreen.xib;
			sourceTree = "<group>";
		};
/* End PBXVariantGroup section */

/* Begin XCBuildConfiguration section */
		50E22E0819D98D6E008D5AE2 /* Debug */ = {
			isa = XCBuildConfiguration;
			buildSettings = {
				ALWAYS_SEARCH_USER_PATHS = NO;
				CLANG_CXX_LANGUAGE_STANDARD = "gnu++0x";
				CLANG_CXX_LIBRARY = "libc++";
				CLANG_ENABLE_MODULES = YES;
				CLANG_ENABLE_OBJC_ARC = YES;
				CLANG_WARN_BOOL_CONVERSION = YES;
				CLANG_WARN_CONSTANT_CONVERSION = YES;
				CLANG_WARN_DIRECT_OBJC_ISA_USAGE = YES_ERROR;
				CLANG_WARN_EMPTY_BODY = YES;
				CLANG_WARN_ENUM_CONVERSION = YES;
				CLANG_WARN_INT_CONVERSION = YES;
				CLANG_WARN_OBJC_ROOT_CLASS = YES_ERROR;
				CLANG_WARN_UNREACHABLE_CODE = YES;
				CLANG_WARN__DUPLICATE_METHOD_MATCH = YES;
				"CODE_SIGN_IDENTITY[sdk=iphoneos*]" = "iPhone Developer";
				COPY_PHASE_STRIP = NO;
				ENABLE_STRICT_OBJC_MSGSEND = YES;
				GCC_C_LANGUAGE_STANDARD = gnu99;
				GCC_DYNAMIC_NO_PIC = NO;
				GCC_OPTIMIZATION_LEVEL = 0;
				GCC_PREPROCESSOR_DEFINITIONS = (
					"DEBUG=1",
					"$(inherited)",
				);
				GCC_SYMBOLS_PRIVATE_EXTERN = NO;
				GCC_WARN_64_TO_32_BIT_CONVERSION = YES;
				GCC_WARN_ABOUT_RETURN_TYPE = YES_ERROR;
				GCC_WARN_UNDECLARED_SELECTOR = YES;
				GCC_WARN_UNINITIALIZED_AUTOS = YES_AGGRESSIVE;
				GCC_WARN_UNUSED_FUNCTION = YES;
				GCC_WARN_UNUSED_VARIABLE = YES;
				IPHONEOS_DEPLOYMENT_TARGET = 8.0;
				MTL_ENABLE_DEBUG_INFO = YES;
				ONLY_ACTIVE_ARCH = YES;
				SDKROOT = iphoneos;
			};
			name = Debug;
		};
		50E22E0919D98D6E008D5AE2 /* Release */ = {
			isa = XCBuildConfiguration;
			buildSettings = {
				ALWAYS_SEARCH_USER_PATHS = NO;
				CLANG_CXX_LANGUAGE_STANDARD = "gnu++0x";
				CLANG_CXX_LIBRARY = "libc++";
				CLANG_ENABLE_MODULES = YES;
				CLANG_ENABLE_OBJC_ARC = YES;
				CLANG_WARN_BOOL_CONVERSION = YES;
				CLANG_WARN_CONSTANT_CONVERSION = YES;
				CLANG_WARN_DIRECT_OBJC_ISA_USAGE = YES_ERROR;
				CLANG_WARN_EMPTY_BODY = YES;
				CLANG_WARN_ENUM_CONVERSION = YES;
				CLANG_WARN_INT_CONVERSION = YES;
				CLANG_WARN_OBJC_ROOT_CLASS = YES_ERROR;
				CLANG_WARN_UNREACHABLE_CODE = YES;
				CLANG_WARN__DUPLICATE_METHOD_MATCH = YES;
				"CODE_SIGN_IDENTITY[sdk=iphoneos*]" = "iPhone Developer";
				COPY_PHASE_STRIP = YES;
				ENABLE_NS_ASSERTIONS = NO;
				ENABLE_STRICT_OBJC_MSGSEND = YES;
				GCC_C_LANGUAGE_STANDARD = gnu99;
				GCC_WARN_64_TO_32_BIT_CONVERSION = YES;
				GCC_WARN_ABOUT_RETURN_TYPE = YES_ERROR;
				GCC_WARN_UNDECLARED_SELECTOR = YES;
				GCC_WARN_UNINITIALIZED_AUTOS = YES_AGGRESSIVE;
				GCC_WARN_UNUSED_FUNCTION = YES;
				GCC_WARN_UNUSED_VARIABLE = YES;
				IPHONEOS_DEPLOYMENT_TARGET = 8.0;
				MTL_ENABLE_DEBUG_INFO = NO;
				SDKROOT = iphoneos;
				VALIDATE_PRODUCT = YES;
			};
			name = Release;
		};
		50E22E0B19D98D6E008D5AE2 /* Debug */ = {
			isa = XCBuildConfiguration;
			buildSettings = {
				ASSETCATALOG_COMPILER_APPICON_NAME = AppIcon;
				INFOPLIST_FILE = "Hello World/Info.plist";
				LD_RUNPATH_SEARCH_PATHS = "$(inherited) @executable_path/Frameworks";
				PRODUCT_NAME = "$(TARGET_NAME)";
			};
			name = Debug;
		};
		50E22E0C19D98D6E008D5AE2 /* Release */ = {
			isa = XCBuildConfiguration;
			buildSettings = {
				ASSETCATALOG_COMPILER_APPICON_NAME = AppIcon;
				INFOPLIST_FILE = "Hello World/Info.plist";
				LD_RUNPATH_SEARCH_PATHS = "$(inherited) @executable_path/Frameworks";
				PRODUCT_NAME = "$(TARGET_NAME)";
			};
			name = Release;
		};
		50E22E0E19D98D6E008D5AE2 /* Debug */ = {
			isa = XCBuildConfiguration;
			buildSettings = {
				BUNDLE_LOADER = "$(TEST_HOST)";
				FRAMEWORK_SEARCH_PATHS = (
					"$(SDKROOT)/Developer/Library/Frameworks",
					"$(inherited)",
				);
				GCC_PREPROCESSOR_DEFINITIONS = (
					"DEBUG=1",
					"$(inherited)",
				);
				INFOPLIST_FILE = "Hello WorldTests/Info.plist";
				LD_RUNPATH_SEARCH_PATHS = "$(inherited) @executable_path/Frameworks @loader_path/Frameworks";
				PRODUCT_NAME = "$(TARGET_NAME)";
				TEST_HOST = "$(BUILT_PRODUCTS_DIR)/Hello World.app/Hello World";
			};
			name = Debug;
		};
		50E22E0F19D98D6E008D5AE2 /* Release */ = {
			isa = XCBuildConfiguration;
			buildSettings = {
				BUNDLE_LOADER = "$(TEST_HOST)";
				FRAMEWORK_SEARCH_PATHS = (
					"$(SDKROOT)/Developer/Library/Frameworks",
					"$(inherited)",
				);
				INFOPLIST_FILE = "Hello WorldTests/Info.plist";
				LD_RUNPATH_SEARCH_PATHS = "$(inherited) @executable_path/Frameworks @loader_path/Frameworks";
				PRODUCT_NAME = "$(TARGET_NAME)";
				TEST_HOST = "$(BUILT_PRODUCTS_DIR)/Hello World.app/Hello World";
			};
			name = Release;
		};
/* End XCBuildConfiguration section */

/* Begin XCConfigurationList section */
		50E22DE219D98D6E008D5AE2 /* Build configuration list for PBXProject "Hello World" */ = {
			isa = XCConfigurationList;
			buildConfigurations = (
				50E22E0819D98D6E008D5AE2 /* Debug */,
				50E22E0919D98D6E008D5AE2 /* Release */,
			);
			defaultConfigurationIsVisible = 0;
			defaultConfigurationName = Release;
		};
		50E22E0A19D98D6E008D5AE2 /* Build configuration list for PBXNativeTarget "Hello World" */ = {
			isa = XCConfigurationList;
			buildConfigurations = (
				50E22E0B19D98D6E008D5AE2 /* Debug */,
				50E22E0C19D98D6E008D5AE2 /* Release */,
			);
			defaultConfigurationIsVisible = 0;
		};
		50E22E0D19D98D6E008D5AE2 /* Build configuration list for PBXNativeTarget "Hello WorldTests" */ = {
			isa = XCConfigurationList;
			buildConfigurations = (
				50E22E0E19D98D6E008D5AE2 /* Debug */,
				50E22E0F19D98D6E008D5AE2 /* Release */,
			);
			defaultConfigurationIsVisible = 0;
		};
/* End XCConfigurationList section */
	};
	rootObject = 50E22DDF19D98D6E008D5AE2 /* Project object */;
}
