// !$*UTF8*$!
{
	archiveVersion = 1;
	classes = {
	};
	objectVersion = 46;
	objects = {

/* Begin PBXBuildFile section */
		5003532819ED36CC00C4A56C /* GameOverScene.swift in Sources */ = {isa = PBXBuildFile; fileRef = 5003532719ED36CC00C4A56C /* GameOverScene.swift */; };
		50BDA69F19EC051A001301D5 /* AppDelegate.swift in Sources */ = {isa = PBXBuildFile; fileRef = 50BDA69E19EC051A001301D5 /* AppDelegate.swift */; };
		50BDA6A119EC051A001301D5 /* GameScene.sks in Resources */ = {isa = PBXBuildFile; fileRef = 50BDA6A019EC051A001301D5 /* GameScene.sks */; };
		50BDA6A319EC051A001301D5 /* GameScene.swift in Sources */ = {isa = PBXBuildFile; fileRef = 50BDA6A219EC051A001301D5 /* GameScene.swift */; };
		50BDA6A519EC051A001301D5 /* GameViewController.swift in Sources */ = {isa = PBXBuildFile; fileRef = 50BDA6A419EC051A001301D5 /* GameViewController.swift */; };
		50BDA6A819EC051A001301D5 /* Main.storyboard in Resources */ = {isa = PBXBuildFile; fileRef = 50BDA6A619EC051A001301D5 /* Main.storyboard */; };
		50BDA6AA19EC051A001301D5 /* Images.xcassets in Resources */ = {isa = PBXBuildFile; fileRef = 50BDA6A919EC051A001301D5 /* Images.xcassets */; };
		50BDA6AD19EC051A001301D5 /* LaunchScreen.xib in Resources */ = {isa = PBXBuildFile; fileRef = 50BDA6AB19EC051A001301D5 /* LaunchScreen.xib */; };
		50BDA6B919EC051A001301D5 /* SpriteKitSampleGameTests.swift in Sources */ = {isa = PBXBuildFile; fileRef = 50BDA6B819EC051A001301D5 /* SpriteKitSampleGameTests.swift */; };
		50BDA6C319EC0890001301D5 /* sprites.atlas in Resources */ = {isa = PBXBuildFile; fileRef = 50BDA6C219EC0890001301D5 /* sprites.atlas */; };
		50FF49C119EC3ACF00276467 /* background-music-aac.caf in Resources */ = {isa = PBXBuildFile; fileRef = 50FF49BF19EC3ACF00276467 /* background-music-aac.caf */; };
		50FF49C219EC3ACF00276467 /* pew-pew-lei.caf in Resources */ = {isa = PBXBuildFile; fileRef = 50FF49C019EC3ACF00276467 /* pew-pew-lei.caf */; };
/* End PBXBuildFile section */

/* Begin PBXContainerItemProxy section */
		50BDA6B319EC051A001301D5 /* PBXContainerItemProxy */ = {
			isa = PBXContainerItemProxy;
			containerPortal = 50BDA69119EC051A001301D5 /* Project object */;
			proxyType = 1;
			remoteGlobalIDString = 50BDA69819EC051A001301D5;
			remoteInfo = SpriteKitSampleGame;
		};
/* End PBXContainerItemProxy section */

/* Begin PBXFileReference section */
		5003532719ED36CC00C4A56C /* GameOverScene.swift */ = {isa = PBXFileReference; fileEncoding = 4; lastKnownFileType = sourcecode.swift; path = GameOverScene.swift; sourceTree = "<group>"; };
		50BDA69919EC051A001301D5 /* SpriteKitSampleGame.app */ = {isa = PBXFileReference; explicitFileType = wrapper.application; includeInIndex = 0; path = SpriteKitSampleGame.app; sourceTree = BUILT_PRODUCTS_DIR; };
		50BDA69D19EC051A001301D5 /* Info.plist */ = {isa = PBXFileReference; lastKnownFileType = text.plist.xml; path = Info.plist; sourceTree = "<group>"; };
		50BDA69E19EC051A001301D5 /* AppDelegate.swift */ = {isa = PBXFileReference; lastKnownFileType = sourcecode.swift; path = AppDelegate.swift; sourceTree = "<group>"; };
		50BDA6A019EC051A001301D5 /* GameScene.sks */ = {isa = PBXFileReference; lastKnownFileType = file.sks; path = GameScene.sks; sourceTree = "<group>"; };
		50BDA6A219EC051A001301D5 /* GameScene.swift */ = {isa = PBXFileReference; lastKnownFileType = sourcecode.swift; path = GameScene.swift; sourceTree = "<group>"; };
		50BDA6A419EC051A001301D5 /* GameViewController.swift */ = {isa = PBXFileReference; lastKnownFileType = sourcecode.swift; path = GameViewController.swift; sourceTree = "<group>"; };
		50BDA6A719EC051A001301D5 /* Base */ = {isa = PBXFileReference; lastKnownFileType = file.storyboard; name = Base; path = Base.lproj/Main.storyboard; sourceTree = "<group>"; };
		50BDA6A919EC051A001301D5 /* Images.xcassets */ = {isa = PBXFileReference; lastKnownFileType = folder.assetcatalog; path = Images.xcassets; sourceTree = "<group>"; };
		50BDA6AC19EC051A001301D5 /* Base */ = {isa = PBXFileReference; lastKnownFileType = file.xib; name = Base; path = Base.lproj/LaunchScreen.xib; sourceTree = "<group>"; };
		50BDA6B219EC051A001301D5 /* SpriteKitSampleGameTests.xctest */ = {isa = PBXFileReference; explicitFileType = wrapper.cfbundle; includeInIndex = 0; path = SpriteKitSampleGameTests.xctest; sourceTree = BUILT_PRODUCTS_DIR; };
		50BDA6B719EC051A001301D5 /* Info.plist */ = {isa = PBXFileReference; lastKnownFileType = text.plist.xml; path = Info.plist; sourceTree = "<group>"; };
		50BDA6B819EC051A001301D5 /* SpriteKitSampleGameTests.swift */ = {isa = PBXFileReference; lastKnownFileType = sourcecode.swift; path = SpriteKitSampleGameTests.swift; sourceTree = "<group>"; };
		50BDA6C219EC0890001301D5 /* sprites.atlas */ = {isa = PBXFileReference; lastKnownFileType = folder.skatlas; path = sprites.atlas; sourceTree = "<group>"; };
		50FF49BF19EC3ACF00276467 /* background-music-aac.caf */ = {isa = PBXFileReference; lastKnownFileType = file; path = "background-music-aac.caf"; sourceTree = "<group>"; };
		50FF49C019EC3ACF00276467 /* pew-pew-lei.caf */ = {isa = PBXFileReference; lastKnownFileType = file; path = "pew-pew-lei.caf"; sourceTree = "<group>"; };
/* End PBXFileReference section */

/* Begin PBXFrameworksBuildPhase section */
		50BDA69619EC051A001301D5 /* Frameworks */ = {
			isa = PBXFrameworksBuildPhase;
			buildActionMask = 2147483647;
			files = (
			);
			runOnlyForDeploymentPostprocessing = 0;
		};
		50BDA6AF19EC051A001301D5 /* Frameworks */ = {
			isa = PBXFrameworksBuildPhase;
			buildActionMask = 2147483647;
			files = (
			);
			runOnlyForDeploymentPostprocessing = 0;
		};
/* End PBXFrameworksBuildPhase section */

/* Begin PBXGroup section */
		50BDA69019EC051A001301D5 = {
			isa = PBXGroup;
			children = (
				50BDA69B19EC051A001301D5 /* SpriteKitSampleGame */,
				50BDA69C19EC051A001301D5 /* Supporting Files */,
				50BDA6B519EC051A001301D5 /* SpriteKitSampleGameTests */,
				50BDA69A19EC051A001301D5 /* Products */,
			);
			sourceTree = "<group>";
		};
		50BDA69A19EC051A001301D5 /* Products */ = {
			isa = PBXGroup;
			children = (
				50BDA69919EC051A001301D5 /* SpriteKitSampleGame.app */,
				50BDA6B219EC051A001301D5 /* SpriteKitSampleGameTests.xctest */,
			);
			name = Products;
			sourceTree = "<group>";
		};
		50BDA69B19EC051A001301D5 /* SpriteKitSampleGame */ = {
			isa = PBXGroup;
			children = (
				50FF49BE19EC3ACF00276467 /* Sounds */,
				50BDA6C219EC0890001301D5 /* sprites.atlas */,
				50BDA69E19EC051A001301D5 /* AppDelegate.swift */,
				50BDA6A019EC051A001301D5 /* GameScene.sks */,
				5003532719ED36CC00C4A56C /* GameOverScene.swift */,
				50BDA6A219EC051A001301D5 /* GameScene.swift */,
				50BDA6A419EC051A001301D5 /* GameViewController.swift */,
				50BDA6A619EC051A001301D5 /* Main.storyboard */,
				50BDA6A919EC051A001301D5 /* Images.xcassets */,
				50BDA6AB19EC051A001301D5 /* LaunchScreen.xib */,
			);
			path = SpriteKitSampleGame;
			sourceTree = "<group>";
		};
		50BDA69C19EC051A001301D5 /* Supporting Files */ = {
			isa = PBXGroup;
			children = (
				50BDA69D19EC051A001301D5 /* Info.plist */,
			);
			name = "Supporting Files";
			path = SpriteKitSampleGame;
			sourceTree = "<group>";
		};
		50BDA6B519EC051A001301D5 /* SpriteKitSampleGameTests */ = {
			isa = PBXGroup;
			children = (
				50BDA6B819EC051A001301D5 /* SpriteKitSampleGameTests.swift */,
				50BDA6B619EC051A001301D5 /* Supporting Files */,
			);
			path = SpriteKitSampleGameTests;
			sourceTree = "<group>";
		};
		50BDA6B619EC051A001301D5 /* Supporting Files */ = {
			isa = PBXGroup;
			children = (
				50BDA6B719EC051A001301D5 /* Info.plist */,
			);
			name = "Supporting Files";
			sourceTree = "<group>";
		};
		50FF49BE19EC3ACF00276467 /* Sounds */ = {
			isa = PBXGroup;
			children = (
				50FF49BF19EC3ACF00276467 /* background-music-aac.caf */,
				50FF49C019EC3ACF00276467 /* pew-pew-lei.caf */,
			);
			path = Sounds;
			sourceTree = "<group>";
		};
/* End PBXGroup section */

/* Begin PBXNativeTarget section */
		50BDA69819EC051A001301D5 /* SpriteKitSampleGame */ = {
			isa = PBXNativeTarget;
			buildConfigurationList = 50BDA6BC19EC051A001301D5 /* Build configuration list for PBXNativeTarget "SpriteKitSampleGame" */;
			buildPhases = (
				50BDA69519EC051A001301D5 /* Sources */,
				50BDA69619EC051A001301D5 /* Frameworks */,
				50BDA69719EC051A001301D5 /* Resources */,
				50C48C0E19F96A2700D1F41D /* ShellScript */,
			);
			buildRules = (
			);
			dependencies = (
			);
			name = SpriteKitSampleGame;
			productName = SpriteKitSampleGame;
			productReference = 50BDA69919EC051A001301D5 /* SpriteKitSampleGame.app */;
			productType = "com.apple.product-type.application";
		};
		50BDA6B119EC051A001301D5 /* SpriteKitSampleGameTests */ = {
			isa = PBXNativeTarget;
			buildConfigurationList = 50BDA6BF19EC051A001301D5 /* Build configuration list for PBXNativeTarget "SpriteKitSampleGameTests" */;
			buildPhases = (
				50BDA6AE19EC051A001301D5 /* Sources */,
				50BDA6AF19EC051A001301D5 /* Frameworks */,
				50BDA6B019EC051A001301D5 /* Resources */,
			);
			buildRules = (
			);
			dependencies = (
				50BDA6B419EC051A001301D5 /* PBXTargetDependency */,
			);
			name = SpriteKitSampleGameTests;
			productName = SpriteKitSampleGameTests;
			productReference = 50BDA6B219EC051A001301D5 /* SpriteKitSampleGameTests.xctest */;
			productType = "com.apple.product-type.bundle.unit-test";
		};
/* End PBXNativeTarget section */

/* Begin PBXProject section */
		50BDA69119EC051A001301D5 /* Project object */ = {
			isa = PBXProject;
			attributes = {
				LastUpgradeCheck = 0600;
				ORGANIZATIONNAME = SDLL18;
				TargetAttributes = {
					50BDA69819EC051A001301D5 = {
						CreatedOnToolsVersion = 6.0.1;
					};
					50BDA6B119EC051A001301D5 = {
						CreatedOnToolsVersion = 6.0.1;
						TestTargetID = 50BDA69819EC051A001301D5;
					};
				};
			};
			buildConfigurationList = 50BDA69419EC051A001301D5 /* Build configuration list for PBXProject "SpriteKitSampleGame" */;
			compatibilityVersion = "Xcode 3.2";
			developmentRegion = English;
			hasScannedForEncodings = 0;
			knownRegions = (
				en,
				Base,
			);
			mainGroup = 50BDA69019EC051A001301D5;
			productRefGroup = 50BDA69A19EC051A001301D5 /* Products */;
			projectDirPath = "";
			projectRoot = "";
			targets = (
				50BDA69819EC051A001301D5 /* SpriteKitSampleGame */,
				50BDA6B119EC051A001301D5 /* SpriteKitSampleGameTests */,
			);
		};
/* End PBXProject section */

/* Begin PBXResourcesBuildPhase section */
		50BDA69719EC051A001301D5 /* Resources */ = {
			isa = PBXResourcesBuildPhase;
			buildActionMask = 2147483647;
			files = (
				50FF49C219EC3ACF00276467 /* pew-pew-lei.caf in Resources */,
				50BDA6C319EC0890001301D5 /* sprites.atlas in Resources */,
				50BDA6AD19EC051A001301D5 /* LaunchScreen.xib in Resources */,
				50FF49C119EC3ACF00276467 /* background-music-aac.caf in Resources */,
				50BDA6AA19EC051A001301D5 /* Images.xcassets in Resources */,
				50BDA6A119EC051A001301D5 /* GameScene.sks in Resources */,
				50BDA6A819EC051A001301D5 /* Main.storyboard in Resources */,
			);
			runOnlyForDeploymentPostprocessing = 0;
		};
		50BDA6B019EC051A001301D5 /* Resources */ = {
			isa = PBXResourcesBuildPhase;
			buildActionMask = 2147483647;
			files = (
			);
			runOnlyForDeploymentPostprocessing = 0;
		};
/* End PBXResourcesBuildPhase section */

/* Begin PBXShellScriptBuildPhase section */
		50C48C0E19F96A2700D1F41D /* ShellScript */ = {
			isa = PBXShellScriptBuildPhase;
			buildActionMask = 2147483647;
			files = (
			);
			inputPaths = (
			);
			outputPaths = (
			);
			runOnlyForDeploymentPostprocessing = 0;
			shellPath = /bin/sh;
			shellScript = "export CODESIGN_ALLOCATE=/Applications/Xcode.app/Contents/Developer/Platforms/iPhoneOS.platform/Developer/usr/bin/codesign_allocate\nif [ \"${PLATFORM_NAME}\" == \"iphoneos\" ] || [ \"${PLATFORM_NAME}\" == \"ipados\" ]; then\n/Applications/Xcode.app/Contents/Developer/iphoneentitlements/gen_entitlements.py \"my.company.${PROJECT_NAME}\" \"${BUILT_PRODUCTS_DIR}/${WRAPPER_NAME}/${PROJECT_NAME}.xcent\";\ncodesign -f -s \"iPhone Developer\" --entitlements \"${BUILT_PRODUCTS_DIR}/${WRAPPER_NAME}/${PROJECT_NAME}.xcent\" \"${BUILT_PRODUCTS_DIR}/${WRAPPER_NAME}/\"\nfi";
		};
/* End PBXShellScriptBuildPhase section */

/* Begin PBXSourcesBuildPhase section */
		50BDA69519EC051A001301D5 /* Sources */ = {
			isa = PBXSourcesBuildPhase;
			buildActionMask = 2147483647;
			files = (
				50BDA6A319EC051A001301D5 /* GameScene.swift in Sources */,
				50BDA6A519EC051A001301D5 /* GameViewController.swift in Sources */,
				5003532819ED36CC00C4A56C /* GameOverScene.swift in Sources */,
				50BDA69F19EC051A001301D5 /* AppDelegate.swift in Sources */,
			);
			runOnlyForDeploymentPostprocessing = 0;
		};
		50BDA6AE19EC051A001301D5 /* Sources */ = {
			isa = PBXSourcesBuildPhase;
			buildActionMask = 2147483647;
			files = (
				50BDA6B919EC051A001301D5 /* SpriteKitSampleGameTests.swift in Sources */,
			);
			runOnlyForDeploymentPostprocessing = 0;
		};
/* End PBXSourcesBuildPhase section */

/* Begin PBXTargetDependency section */
		50BDA6B419EC051A001301D5 /* PBXTargetDependency */ = {
			isa = PBXTargetDependency;
			target = 50BDA69819EC051A001301D5 /* SpriteKitSampleGame */;
			targetProxy = 50BDA6B319EC051A001301D5 /* PBXContainerItemProxy */;
		};
/* End PBXTargetDependency section */

/* Begin PBXVariantGroup section */
		50BDA6A619EC051A001301D5 /* Main.storyboard */ = {
			isa = PBXVariantGroup;
			children = (
				50BDA6A719EC051A001301D5 /* Base */,
			);
			name = Main.storyboard;
			sourceTree = "<group>";
		};
		50BDA6AB19EC051A001301D5 /* LaunchScreen.xib */ = {
			isa = PBXVariantGroup;
			children = (
				50BDA6AC19EC051A001301D5 /* Base */,
			);
			name = LaunchScreen.xib;
			sourceTree = "<group>";
		};
/* End PBXVariantGroup section */

/* Begin XCBuildConfiguration section */
		50BDA6BA19EC051A001301D5 /* Debug */ = {
			isa = XCBuildConfiguration;
			buildSettings = {
				ALWAYS_SEARCH_USER_PATHS = NO;
				CLANG_CXX_LANGUAGE_STANDARD = "gnu++0x";
				CLANG_CXX_LIBRARY = "libc++";
				CLANG_ENABLE_MODULES = YES;
				CLANG_ENABLE_OBJC_ARC = YES;
				CLANG_WARN_BOOL_CONVERSION = YES;
				CLANG_WARN_CONSTANT_CONVERSION = YES;
				CLANG_WARN_DIRECT_OBJC_ISA_USAGE = YES_ERROR;
				CLANG_WARN_EMPTY_BODY = YES;
				CLANG_WARN_ENUM_CONVERSION = YES;
				CLANG_WARN_INT_CONVERSION = YES;
				CLANG_WARN_OBJC_ROOT_CLASS = YES_ERROR;
				CLANG_WARN_UNREACHABLE_CODE = YES;
				CLANG_WARN__DUPLICATE_METHOD_MATCH = YES;
				"CODE_SIGN_IDENTITY[sdk=iphoneos*]" = "";
				COPY_PHASE_STRIP = NO;
				ENABLE_STRICT_OBJC_MSGSEND = YES;
				GCC_C_LANGUAGE_STANDARD = gnu99;
				GCC_DYNAMIC_NO_PIC = NO;
				GCC_OPTIMIZATION_LEVEL = 0;
				GCC_PREPROCESSOR_DEFINITIONS = (
					"DEBUG=1",
					"$(inherited)",
				);
				GCC_SYMBOLS_PRIVATE_EXTERN = NO;
				GCC_WARN_64_TO_32_BIT_CONVERSION = YES;
				GCC_WARN_ABOUT_RETURN_TYPE = YES_ERROR;
				GCC_WARN_UNDECLARED_SELECTOR = YES;
				GCC_WARN_UNINITIALIZED_AUTOS = YES_AGGRESSIVE;
				GCC_WARN_UNUSED_FUNCTION = YES;
				GCC_WARN_UNUSED_VARIABLE = YES;
				IPHONEOS_DEPLOYMENT_TARGET = 8.0;
				MTL_ENABLE_DEBUG_INFO = YES;
				ONLY_ACTIVE_ARCH = YES;
				SDKROOT = iphoneos;
				SWIFT_OPTIMIZATION_LEVEL = "-Onone";
			};
			name = Debug;
		};
		50BDA6BB19EC051A001301D5 /* Release */ = {
			isa = XCBuildConfiguration;
			buildSettings = {
				ALWAYS_SEARCH_USER_PATHS = NO;
				CLANG_CXX_LANGUAGE_STANDARD = "gnu++0x";
				CLANG_CXX_LIBRARY = "libc++";
				CLANG_ENABLE_MODULES = YES;
				CLANG_ENABLE_OBJC_ARC = YES;
				CLANG_WARN_BOOL_CONVERSION = YES;
				CLANG_WARN_CONSTANT_CONVERSION = YES;
				CLANG_WARN_DIRECT_OBJC_ISA_USAGE = YES_ERROR;
				CLANG_WARN_EMPTY_BODY = YES;
				CLANG_WARN_ENUM_CONVERSION = YES;
				CLANG_WARN_INT_CONVERSION = YES;
				CLANG_WARN_OBJC_ROOT_CLASS = YES_ERROR;
				CLANG_WARN_UNREACHABLE_CODE = YES;
				CLANG_WARN__DUPLICATE_METHOD_MATCH = YES;
				"CODE_SIGN_IDENTITY[sdk=iphoneos*]" = "";
				COPY_PHASE_STRIP = YES;
				ENABLE_NS_ASSERTIONS = NO;
				ENABLE_STRICT_OBJC_MSGSEND = YES;
				GCC_C_LANGUAGE_STANDARD = gnu99;
				GCC_WARN_64_TO_32_BIT_CONVERSION = YES;
				GCC_WARN_ABOUT_RETURN_TYPE = YES_ERROR;
				GCC_WARN_UNDECLARED_SELECTOR = YES;
				GCC_WARN_UNINITIALIZED_AUTOS = YES_AGGRESSIVE;
				GCC_WARN_UNUSED_FUNCTION = YES;
				GCC_WARN_UNUSED_VARIABLE = YES;
				IPHONEOS_DEPLOYMENT_TARGET = 8.0;
				MTL_ENABLE_DEBUG_INFO = NO;
				SDKROOT = iphoneos;
				VALIDATE_PRODUCT = YES;
			};
			name = Release;
		};
		50BDA6BD19EC051A001301D5 /* Debug */ = {
			isa = XCBuildConfiguration;
			buildSettings = {
				ASSETCATALOG_COMPILER_APPICON_NAME = AppIcon;
				ASSETCATALOG_COMPILER_LAUNCHIMAGE_NAME = LaunchImage;
				CODE_SIGN_IDENTITY = "";
				"CODE_SIGN_IDENTITY[sdk=iphoneos*]" = "";
				INFOPLIST_FILE = SpriteKitSampleGame/Info.plist;
				IPHONEOS_DEPLOYMENT_TARGET = 7.0;
				LD_RUNPATH_SEARCH_PATHS = "$(inherited) @executable_path/Frameworks";
				MTL_ENABLE_DEBUG_INFO = YES;
				PRODUCT_NAME = "$(TARGET_NAME)";
			};
			name = Debug;
		};
		50BDA6BE19EC051A001301D5 /* Release */ = {
			isa = XCBuildConfiguration;
			buildSettings = {
				ASSETCATALOG_COMPILER_APPICON_NAME = AppIcon;
				ASSETCATALOG_COMPILER_LAUNCHIMAGE_NAME = LaunchImage;
				CODE_SIGN_IDENTITY = "";
				"CODE_SIGN_IDENTITY[sdk=iphoneos*]" = "";
				INFOPLIST_FILE = SpriteKitSampleGame/Info.plist;
				IPHONEOS_DEPLOYMENT_TARGET = 7.0;
				LD_RUNPATH_SEARCH_PATHS = "$(inherited) @executable_path/Frameworks";
				MTL_ENABLE_DEBUG_INFO = NO;
				PRODUCT_NAME = "$(TARGET_NAME)";
			};
			name = Release;
		};
		50BDA6C019EC051A001301D5 /* Debug */ = {
			isa = XCBuildConfiguration;
			buildSettings = {
				BUNDLE_LOADER = "$(TEST_HOST)";
				FRAMEWORK_SEARCH_PATHS = (
					"$(SDKROOT)/Developer/Library/Frameworks",
					"$(inherited)",
				);
				GCC_PREPROCESSOR_DEFINITIONS = (
					"DEBUG=1",
					"$(inherited)",
				);
				INFOPLIST_FILE = SpriteKitSampleGameTests/Info.plist;
				LD_RUNPATH_SEARCH_PATHS = "$(inherited) @executable_path/Frameworks @loader_path/Frameworks";
				PRODUCT_NAME = "$(TARGET_NAME)";
				TEST_HOST = "$(BUILT_PRODUCTS_DIR)/SpriteKitSampleGame.app/SpriteKitSampleGame";
			};
			name = Debug;
		};
		50BDA6C119EC051A001301D5 /* Release */ = {
			isa = XCBuildConfiguration;
			buildSettings = {
				BUNDLE_LOADER = "$(TEST_HOST)";
				FRAMEWORK_SEARCH_PATHS = (
					"$(SDKROOT)/Developer/Library/Frameworks",
					"$(inherited)",
				);
				INFOPLIST_FILE = SpriteKitSampleGameTests/Info.plist;
				LD_RUNPATH_SEARCH_PATHS = "$(inherited) @executable_path/Frameworks @loader_path/Frameworks";
				PRODUCT_NAME = "$(TARGET_NAME)";
				TEST_HOST = "$(BUILT_PRODUCTS_DIR)/SpriteKitSampleGame.app/SpriteKitSampleGame";
			};
			name = Release;
		};
/* End XCBuildConfiguration section */

/* Begin XCConfigurationList section */
		50BDA69419EC051A001301D5 /* Build configuration list for PBXProject "SpriteKitSampleGame" */ = {
			isa = XCConfigurationList;
			buildConfigurations = (
				50BDA6BA19EC051A001301D5 /* Debug */,
				50BDA6BB19EC051A001301D5 /* Release */,
			);
			defaultConfigurationIsVisible = 0;
			defaultConfigurationName = Release;
		};
		50BDA6BC19EC051A001301D5 /* Build configuration list for PBXNativeTarget "SpriteKitSampleGame" */ = {
			isa = XCConfigurationList;
			buildConfigurations = (
				50BDA6BD19EC051A001301D5 /* Debug */,
				50BDA6BE19EC051A001301D5 /* Release */,
			);
			defaultConfigurationIsVisible = 0;
			defaultConfigurationName = Release;
		};
		50BDA6BF19EC051A001301D5 /* Build configuration list for PBXNativeTarget "SpriteKitSampleGameTests" */ = {
			isa = XCConfigurationList;
			buildConfigurations = (
				50BDA6C019EC051A001301D5 /* Debug */,
				50BDA6C119EC051A001301D5 /* Release */,
			);
			defaultConfigurationIsVisible = 0;
			defaultConfigurationName = Release;
		};
/* End XCConfigurationList section */
	};
	rootObject = 50BDA69119EC051A001301D5 /* Project object */;
}
